// !$*UTF8*$!
{
	archiveVersion = 1;
	classes = {
	};
	objectVersion = 46;
	objects = {

/* Begin PBXBuildFile section */
		117AA54E1F52B0AE006E0EE7 /* userLogin.swift in Sources */ = {isa = PBXBuildFile; fileRef = 117AA54D1F52B0AE006E0EE7 /* userLogin.swift */; };
		11A298FD1F5287CB000EF69F /* AppDelegate.swift in Sources */ = {isa = PBXBuildFile; fileRef = 11A298FC1F5287CB000EF69F /* AppDelegate.swift */; };
		11A298FF1F5287CB000EF69F /* ViewController.swift in Sources */ = {isa = PBXBuildFile; fileRef = 11A298FE1F5287CB000EF69F /* ViewController.swift */; };
		11A299041F5287CB000EF69F /* Assets.xcassets in Resources */ = {isa = PBXBuildFile; fileRef = 11A299031F5287CB000EF69F /* Assets.xcassets */; };
		11A299071F5287CB000EF69F /* LaunchScreen.storyboard in Resources */ = {isa = PBXBuildFile; fileRef = 11A299051F5287CB000EF69F /* LaunchScreen.storyboard */; };
		11A299121F52A157000EF69F /* Main.storyboard in Resources */ = {isa = PBXBuildFile; fileRef = 11A299101F52A157000EF69F /* Main.storyboard */; };
/* End PBXBuildFile section */

/* Begin PBXFileReference section */
		117AA54D1F52B0AE006E0EE7 /* userLogin.swift */ = {isa = PBXFileReference; fileEncoding = 4; lastKnownFileType = sourcecode.swift; path = userLogin.swift; sourceTree = "<group>"; };
		11A298F91F5287CB000EF69F /* Alignment Programatically.app */ = {isa = PBXFileReference; explicitFileType = wrapper.application; includeInIndex = 0; path = "Alignment Programatically.app"; sourceTree = BUILT_PRODUCTS_DIR; };
		11A298FC1F5287CB000EF69F /* AppDelegate.swift */ = {isa = PBXFileReference; lastKnownFileType = sourcecode.swift; path = AppDelegate.swift; sourceTree = "<group>"; };
		11A298FE1F5287CB000EF69F /* ViewController.swift */ = {isa = PBXFileReference; lastKnownFileType = sourcecode.swift; path = ViewController.swift; sourceTree = "<group>"; };
		11A299031F5287CB000EF69F /* Assets.xcassets */ = {isa = PBXFileReference; lastKnownFileType = folder.assetcatalog; path = Assets.xcassets; sourceTree = "<group>"; };
		11A299061F5287CB000EF69F /* Base */ = {isa = PBXFileReference; lastKnownFileType = file.storyboard; name = Base; path = Base.lproj/LaunchScreen.storyboard; sourceTree = "<group>"; };
		11A299081F5287CB000EF69F /* Info.plist */ = {isa = PBXFileReference; lastKnownFileType = text.plist.xml; path = Info.plist; sourceTree = "<group>"; };
		11A299111F52A157000EF69F /* Base */ = {isa = PBXFileReference; lastKnownFileType = file.storyboard; name = Base; path = Base.lproj/Main.storyboard; sourceTree = "<group>"; };
/* End PBXFileReference section */

/* Begin PBXFrameworksBuildPhase section */
		11A298F61F5287CB000EF69F /* Frameworks */ = {
			isa = PBXFrameworksBuildPhase;
			buildActionMask = 2147483647;
			files = (
			);
			runOnlyForDeploymentPostprocessing = 0;
		};
/* End PBXFrameworksBuildPhase section */

/* Begin PBXGroup section */
		11A298F01F5287CB000EF69F = {
			isa = PBXGroup;
			children = (
				11A298FB1F5287CB000EF69F /* Alignment Programatically */,
				11A298FA1F5287CB000EF69F /* Products */,
			);
			sourceTree = "<group>";
		};
		11A298FA1F5287CB000EF69F /* Products */ = {
			isa = PBXGroup;
			children = (
				11A298F91F5287CB000EF69F /* Alignment Programatically.app */,
			);
			name = Products;
			sourceTree = "<group>";
		};
		11A298FB1F5287CB000EF69F /* Alignment Programatically */ = {
			isa = PBXGroup;
			children = (
				11A298FC1F5287CB000EF69F /* AppDelegate.swift */,
				11A298FE1F5287CB000EF69F /* ViewController.swift */,
				11A299031F5287CB000EF69F /* Assets.xcassets */,
				11A299101F52A157000EF69F /* Main.storyboard */,
				11A299051F5287CB000EF69F /* LaunchScreen.storyboard */,
				11A299081F5287CB000EF69F /* Info.plist */,
				117AA54D1F52B0AE006E0EE7 /* userLogin.swift */,
			);
			path = "Alignment Programatically";
			sourceTree = "<group>";
		};
/* End PBXGroup section */

/* Begin PBXNativeTarget section */
		11A298F81F5287CB000EF69F /* Alignment Programatically */ = {
			isa = PBXNativeTarget;
			buildConfigurationList = 11A2990B1F5287CB000EF69F /* Build configuration list for PBXNativeTarget "Alignment Programatically" */;
			buildPhases = (
				11A298F51F5287CB000EF69F /* Sources */,
				11A298F61F5287CB000EF69F /* Frameworks */,
				11A298F71F5287CB000EF69F /* Resources */,
			);
			buildRules = (
			);
			dependencies = (
			);
			name = "Alignment Programatically";
			productName = "Alignment Programatically";
			productReference = 11A298F91F5287CB000EF69F /* Alignment Programatically.app */;
			productType = "com.apple.product-type.application";
		};
/* End PBXNativeTarget section */

/* Begin PBXProject section */
		11A298F11F5287CB000EF69F /* Project object */ = {
			isa = PBXProject;
			attributes = {
				LastSwiftUpdateCheck = 0830;
				LastUpgradeCheck = 0830;
				ORGANIZATIONNAME = "Ammy Pandey";
				TargetAttributes = {
					11A298F81F5287CB000EF69F = {
						CreatedOnToolsVersion = 8.3.3;
						DevelopmentTeam = ZD2S85JCK8;
						ProvisioningStyle = Automatic;
					};
				};
			};
			buildConfigurationList = 11A298F41F5287CB000EF69F /* Build configuration list for PBXProject "Alignment Programatically" */;
			compatibilityVersion = "Xcode 3.2";
			developmentRegion = English;
			hasScannedForEncodings = 0;
			knownRegions = (
				en,
				Base,
			);
			mainGroup = 11A298F01F5287CB000EF69F;
			productRefGroup = 11A298FA1F5287CB000EF69F /* Products */;
			projectDirPath = "";
			projectRoot = "";
			targets = (
				11A298F81F5287CB000EF69F /* Alignment Programatically */,
			);
		};
/* End PBXProject section */

/* Begin PBXResourcesBuildPhase section */
		11A298F71F5287CB000EF69F /* Resources */ = {
			isa = PBXResourcesBuildPhase;
			buildActionMask = 2147483647;
			files = (
				11A299121F52A157000EF69F /* Main.storyboard in Resources */,
				11A299071F5287CB000EF69F /* LaunchScreen.storyboard in Resources */,
				11A299041F5287CB000EF69F /* Assets.xcassets in Resources */,
			);
			runOnlyForDeploymentPostprocessing = 0;
		};
/* End PBXResourcesBuildPhase section */

/* Begin PBXSourcesBuildPhase section */
		11A298F51F5287CB000EF69F /* Sources */ = {
			isa = PBXSourcesBuildPhase;
			buildActionMask = 2147483647;
			files = (
				117AA54E1F52B0AE006E0EE7 /* userLogin.swift in Sources */,
				11A298FF1F5287CB000EF69F /* ViewController.swift in Sources */,
				11A298FD1F5287CB000EF69F /* AppDelegate.swift in Sources */,
			);
			runOnlyForDeploymentPostprocessing = 0;
		};
/* End PBXSourcesBuildPhase section */

/* Begin PBXVariantGroup section */
		11A299051F5287CB000EF69F /* LaunchScreen.storyboard */ = {
			isa = PBXVariantGroup;
			children = (
				11A299061F5287CB000EF69F /* Base */,
			);
			name = LaunchScreen.storyboard;
			sourceTree = "<group>";
		};
		11A299101F52A157000EF69F /* Main.storyboard */ = {
			isa = PBXVariantGroup;
			children = (
				11A299111F52A157000EF69F /* Base */,
			);
			name = Main.storyboard;
			sourceTree = "<group>";
		};
/* End PBXVariantGroup section */

/* Begin XCBuildConfiguration section */
		11A299091F5287CB000EF69F /* Debug */ = {
			isa = XCBuildConfiguration;
			buildSettings = {
				ALWAYS_SEARCH_USER_PATHS = NO;
				CLANG_ANALYZER_NONNULL = YES;
				CLANG_ANALYZER_NUMBER_OBJECT_CONVERSION = YES_AGGRESSIVE;
				CLANG_CXX_LANGUAGE_STANDARD = "gnu++0x";
				CLANG_CXX_LIBRARY = "libc++";
				CLANG_ENABLE_MODULES = YES;
				CLANG_ENABLE_OBJC_ARC = YES;
				CLANG_WARN_BOOL_CONVERSION = YES;
				CLANG_WARN_CONSTANT_CONVERSION = YES;
				CLANG_WARN_DIRECT_OBJC_ISA_USAGE = YES_ERROR;
				CLANG_WARN_DOCUMENTATION_COMMENTS = YES;
				CLANG_WARN_EMPTY_BODY = YES;
				CLANG_WARN_ENUM_CONVERSION = YES;
				CLANG_WARN_INFINITE_RECURSION = YES;
				CLANG_WARN_INT_CONVERSION = YES;
				CLANG_WARN_OBJC_ROOT_CLASS = YES_ERROR;
				CLANG_WARN_SUSPICIOUS_MOVE = YES;
				CLANG_WARN_UNREACHABLE_CODE = YES;
				CLANG_WARN__DUPLICATE_METHOD_MATCH = YES;
				"CODE_SIGN_IDENTITY[sdk=iphoneos*]" = "iPhone Developer";
				COPY_PHASE_STRIP = NO;
				DEBUG_INFORMATION_FORMAT = dwarf;
				ENABLE_STRICT_OBJC_MSGSEND = YES;
				ENABLE_TESTABILITY = YES;
				GCC_C_LANGUAGE_STANDARD = gnu99;
				GCC_DYNAMIC_NO_PIC = NO;
				GCC_NO_COMMON_BLOCKS = YES;
				GCC_OPTIMIZATION_LEVEL = 0;
				GCC_PREPROCESSOR_DEFINITIONS = (
					"DEBUG=1",
					"$(inherited)",
				);
				GCC_WARN_64_TO_32_BIT_CONVERSION = YES;
				GCC_WARN_ABOUT_RETURN_TYPE = YES_ERROR;
				GCC_WARN_UNDECLARED_SELECTOR = YES;
				GCC_WARN_UNINITIALIZED_AUTOS = YES_AGGRESSIVE;
				GCC_WARN_UNUSED_FUNCTION = YES;
				GCC_WARN_UNUSED_VARIABLE = YES;
				IPHONEOS_DEPLOYMENT_TARGET = 10.3;
				MTL_ENABLE_DEBUG_INFO = YES;
				ONLY_ACTIVE_ARCH = YES;
				SDKROOT = iphoneos;
				SWIFT_ACTIVE_COMPILATION_CONDITIONS = DEBUG;
				SWIFT_OPTIMIZATION_LEVEL = "-Onone";
				TARGETED_DEVICE_FAMILY = "1,2";
			};
			name = Debug;
		};
		11A2990A1F5287CB000EF69F /* Release */ = {
			isa = XCBuildConfiguration;
			buildSettings = {
				ALWAYS_SEARCH_USER_PATHS = NO;
				CLANG_ANALYZER_NONNULL = YES;
				CLANG_ANALYZER_NUMBER_OBJECT_CONVERSION = YES_AGGRESSIVE;
				CLANG_CXX_LANGUAGE_STANDARD = "gnu++0x";
				CLANG_CXX_LIBRARY = "libc++";
				CLANG_ENABLE_MODULES = YES;
				CLANG_ENABLE_OBJC_ARC = YES;
				CLANG_WARN_BOOL_CONVERSION = YES;
				CLANG_WARN_CONSTANT_CONVERSION = YES;
				CLANG_WARN_DIRECT_OBJC_ISA_USAGE = YES_ERROR;
				CLANG_WARN_DOCUMENTATION_COMMENTS = YES;
				CLANG_WARN_EMPTY_BODY = YES;
				CLANG_WARN_ENUM_CONVERSION = YES;
				CLANG_WARN_INFINITE_RECURSION = YES;
				CLANG_WARN_INT_CONVERSION = YES;
				CLANG_WARN_OBJC_ROOT_CLASS = YES_ERROR;
				CLANG_WARN_SUSPICIOUS_MOVE = YES;
				CLANG_WARN_UNREACHABLE_CODE = YES;
				CLANG_WARN__DUPLICATE_METHOD_MATCH = YES;
				"CODE_SIGN_IDENTITY[sdk=iphoneos*]" = "iPhone Developer";
				COPY_PHASE_STRIP = NO;
				DEBUG_INFORMATION_FORMAT = "dwarf-with-dsym";
				ENABLE_NS_ASSERTIONS = NO;
				ENABLE_STRICT_OBJC_MSGSEND = YES;
				GCC_C_LANGUAGE_STANDARD = gnu99;
				GCC_NO_COMMON_BLOCKS = YES;
				GCC_WARN_64_TO_32_BIT_CONVERSION = YES;
				GCC_WARN_ABOUT_RETURN_TYPE = YES_ERROR;
				GCC_WARN_UNDECLARED_SELECTOR = YES;
				GCC_WARN_UNINITIALIZED_AUTOS = YES_AGGRESSIVE;
				GCC_WARN_UNUSED_FUNCTION = YES;
				GCC_WARN_UNUSED_VARIABLE = YES;
				IPHONEOS_DEPLOYMENT_TARGET = 10.3;
				MTL_ENABLE_DEBUG_INFO = NO;
				SDKROOT = iphoneos;
				SWIFT_OPTIMIZATION_LEVEL = "-Owholemodule";
				TARGETED_DEVICE_FAMILY = "1,2";
				VALIDATE_PRODUCT = YES;
			};
			name = Release;
		};
		11A2990C1F5287CB000EF69F /* Debug */ = {
			isa = XCBuildConfiguration;
			buildSettings = {
				ASSETCATALOG_COMPILER_APPICON_NAME = AppIcon;
				DEVELOPMENT_TEAM = ZD2S85JCK8;
				INFOPLIST_FILE = "Alignment Programatically/Info.plist";
				LD_RUNPATH_SEARCH_PATHS = "$(inherited) @executable_path/Frameworks";
				PRODUCT_BUNDLE_IDENTIFIER = "ammy.pandey.Alignment-Programatically";
				PRODUCT_NAME = "$(TARGET_NAME)";
				SWIFT_VERSION = 3.0;
			};
			name = Debug;
		};
		11A2990D1F5287CB000EF69F /* Release */ = {
			isa = XCBuildConfiguration;
			buildSettings = {
				ASSETCATALOG_COMPILER_APPICON_NAME = AppIcon;
				DEVELOPMENT_TEAM = ZD2S85JCK8;
				INFOPLIST_FILE = "Alignment Programatically/Info.plist";
				LD_RUNPATH_SEARCH_PATHS = "$(inherited) @executable_path/Frameworks";
				PRODUCT_BUNDLE_IDENTIFIER = "ammy.pandey.Alignment-Programatically";
				PRODUCT_NAME = "$(TARGET_NAME)";
				SWIFT_VERSION = 3.0;
			};
			name = Release;
		};
/* End XCBuildConfiguration section */

/* Begin XCConfigurationList section */
		11A298F41F5287CB000EF69F /* Build configuration list for PBXProject "Alignment Programatically" */ = {
			isa = XCConfigurationList;
			buildConfigurations = (
				11A299091F5287CB000EF69F /* Debug */,
				11A2990A1F5287CB000EF69F /* Release */,
			);
			defaultConfigurationIsVisible = 0;
			defaultConfigurationName = Release;
		};
		11A2990B1F5287CB000EF69F /* Build configuration list for PBXNativeTarget "Alignment Programatically" */ = {
			isa = XCConfigurationList;
			buildConfigurations = (
				11A2990C1F5287CB000EF69F /* Debug */,
				11A2990D1F5287CB000EF69F /* Release */,
			);
			defaultConfigurationIsVisible = 0;
			defaultConfigurationName = Release;
		};
/* End XCConfigurationList section */
	};
	rootObject = 11A298F11F5287CB000EF69F /* Project object */;
}
